// !$*UTF8*$!
{
	archiveVersion = 1;
	classes = {
	};
	objectVersion = 46;
	objects = {

/* Begin PBXBuildFile section */
		040EDC441828336F0041D17C /* NutritionFacts.png in Resources */ = {isa = PBXBuildFile; fileRef = 040EDC431828336F0041D17C /* NutritionFacts.png */; };
		04187DAA183C6EF8009E448A /* MBProgressHUD.m in Sources */ = {isa = PBXBuildFile; fileRef = 04187DA9183C6EF8009E448A /* MBProgressHUD.m */; };
		042769DF18205CBE00452B79 /* ContributeViewController.m in Sources */ = {isa = PBXBuildFile; fileRef = 042769DE18205CBE00452B79 /* ContributeViewController.m */; };
		12742AE118454672006F09A1 /* Parse.framework in Frameworks */ = {isa = PBXBuildFile; fileRef = 12742AE018454672006F09A1 /* Parse.framework */; };
		16229C32183DBF2800DEB144 /* Reachability.m in Sources */ = {isa = PBXBuildFile; fileRef = 16229C31183DBF2800DEB144 /* Reachability.m */; };
		16229C3B183E8F2300DEB144 /* iCarousel.m in Sources */ = {isa = PBXBuildFile; fileRef = 16229C3A183E8F2300DEB144 /* iCarousel.m */; };
		1692152218355D4300936D24 /* ReviewPagesViewController.m in Sources */ = {isa = PBXBuildFile; fileRef = 1692152018355D4300936D24 /* ReviewPagesViewController.m */; };
		1692152318355D4300936D24 /* ReviewPagesViewController.xib in Resources */ = {isa = PBXBuildFile; fileRef = 1692152118355D4300936D24 /* ReviewPagesViewController.xib */; };
		1692152718355D5800936D24 /* ContentViewController.m in Sources */ = {isa = PBXBuildFile; fileRef = 1692152518355D5800936D24 /* ContentViewController.m */; };
		1692152818355D5800936D24 /* ContentViewController.xib in Resources */ = {isa = PBXBuildFile; fileRef = 1692152618355D5800936D24 /* ContentViewController.xib */; };
		16A1936518446A6C00A1CF50 /* ImageViewController.m in Sources */ = {isa = PBXBuildFile; fileRef = 16A1936418446A6C00A1CF50 /* ImageViewController.m */; };
		16AD6B711828C781006926B7 /* OrganizeViewController.m in Sources */ = {isa = PBXBuildFile; fileRef = 16AD6B6F1828C781006926B7 /* OrganizeViewController.m */; };
		16D2543F181B0E6F006079CD /* Foundation.framework in Frameworks */ = {isa = PBXBuildFile; fileRef = 16D2543E181B0E6F006079CD /* Foundation.framework */; };
		16D25441181B0E6F006079CD /* CoreGraphics.framework in Frameworks */ = {isa = PBXBuildFile; fileRef = 16D25440181B0E6F006079CD /* CoreGraphics.framework */; };
		16D25443181B0E6F006079CD /* UIKit.framework in Frameworks */ = {isa = PBXBuildFile; fileRef = 16D25442181B0E6F006079CD /* UIKit.framework */; };
		16D25449181B0E6F006079CD /* InfoPlist.strings in Resources */ = {isa = PBXBuildFile; fileRef = 16D25447181B0E6F006079CD /* InfoPlist.strings */; };
		16D2544B181B0E6F006079CD /* main.m in Sources */ = {isa = PBXBuildFile; fileRef = 16D2544A181B0E6F006079CD /* main.m */; };
		16D2544F181B0E6F006079CD /* AppDelegate.m in Sources */ = {isa = PBXBuildFile; fileRef = 16D2544E181B0E6F006079CD /* AppDelegate.m */; };
		16D25452181B0E6F006079CD /* Main.storyboard in Resources */ = {isa = PBXBuildFile; fileRef = 16D25450181B0E6F006079CD /* Main.storyboard */; };
		16D25457181B0E6F006079CD /* Images.xcassets in Resources */ = {isa = PBXBuildFile; fileRef = 16D25456181B0E6F006079CD /* Images.xcassets */; };
		16D2545E181B0E70006079CD /* XCTest.framework in Frameworks */ = {isa = PBXBuildFile; fileRef = 16D2545D181B0E70006079CD /* XCTest.framework */; };
		16D2545F181B0E70006079CD /* Foundation.framework in Frameworks */ = {isa = PBXBuildFile; fileRef = 16D2543E181B0E6F006079CD /* Foundation.framework */; };
		16D25460181B0E70006079CD /* UIKit.framework in Frameworks */ = {isa = PBXBuildFile; fileRef = 16D25442181B0E6F006079CD /* UIKit.framework */; };
		16D25468181B0E70006079CD /* InfoPlist.strings in Resources */ = {isa = PBXBuildFile; fileRef = 16D25466181B0E70006079CD /* InfoPlist.strings */; };
		16D2546A181B0E70006079CD /* CampusCriticTests.m in Sources */ = {isa = PBXBuildFile; fileRef = 16D25469181B0E70006079CD /* CampusCriticTests.m */; };
		16D25475181B0EFC006079CD /* FoodItemsTableViewController.m in Sources */ = {isa = PBXBuildFile; fileRef = 16D25474181B0EFC006079CD /* FoodItemsTableViewController.m */; };
		16D25479181B1208006079CD /* AudioToolbox.framework in Frameworks */ = {isa = PBXBuildFile; fileRef = 16D25478181B1208006079CD /* AudioToolbox.framework */; };
		16D2547B181B1210006079CD /* CFNetwork.framework in Frameworks */ = {isa = PBXBuildFile; fileRef = 16D2547A181B1210006079CD /* CFNetwork.framework */; };
		16D2547D181B121A006079CD /* CoreLocation.framework in Frameworks */ = {isa = PBXBuildFile; fileRef = 16D2547C181B121A006079CD /* CoreLocation.framework */; };
		16D2547F181B1221006079CD /* libz.1.1.3.dylib in Frameworks */ = {isa = PBXBuildFile; fileRef = 16D2547E181B1221006079CD /* libz.1.1.3.dylib */; };
		16D25481181B1227006079CD /* MobileCoreServices.framework in Frameworks */ = {isa = PBXBuildFile; fileRef = 16D25480181B1227006079CD /* MobileCoreServices.framework */; };
		16D25483181B122E006079CD /* QuartzCore.framework in Frameworks */ = {isa = PBXBuildFile; fileRef = 16D25482181B122E006079CD /* QuartzCore.framework */; };
		16D25485181B1236006079CD /* Security.framework in Frameworks */ = {isa = PBXBuildFile; fileRef = 16D25484181B1236006079CD /* Security.framework */; };
		16D25487181B123D006079CD /* StoreKit.framework in Frameworks */ = {isa = PBXBuildFile; fileRef = 16D25486181B123D006079CD /* StoreKit.framework */; };
		16D25489181B1245006079CD /* SystemConfiguration.framework in Frameworks */ = {isa = PBXBuildFile; fileRef = 16D25488181B1245006079CD /* SystemConfiguration.framework */; };
		16D2548C181E1585006079CD /* FoodItemsTableCell.m in Sources */ = {isa = PBXBuildFile; fileRef = 16D2548B181E1585006079CD /* FoodItemsTableCell.m */; };
		16D2548E181E19CD006079CD /* CCLogo.png in Resources */ = {isa = PBXBuildFile; fileRef = 16D2548D181E19CD006079CD /* CCLogo.png */; };
		16D25498181F0F35006079CD /* NutritionFactsViewController.m in Sources */ = {isa = PBXBuildFile; fileRef = 16D25497181F0F35006079CD /* NutritionFactsViewController.m */; };
		16D2549B181F62F9006079CD /* SingleItemsViewController.m in Sources */ = {isa = PBXBuildFile; fileRef = 16D2549A181F62F9006079CD /* SingleItemsViewController.m */; };
		16D254AE18203D21006079CD /* DLStarRatingControl.m in Sources */ = {isa = PBXBuildFile; fileRef = 16D254A218203D21006079CD /* DLStarRatingControl.m */; };
		16D254AF18203D21006079CD /* DLStarView.m in Sources */ = {isa = PBXBuildFile; fileRef = 16D254A418203D21006079CD /* DLStarView.m */; };
		16D254B018203D21006079CD /* star.png in Resources */ = {isa = PBXBuildFile; fileRef = 16D254A618203D21006079CD /* star.png */; };
		16D254B118203D21006079CD /* star@2x.png in Resources */ = {isa = PBXBuildFile; fileRef = 16D254A718203D21006079CD /* star@2x.png */; };
		16D254B218203D21006079CD /* star_highlighted-darker.png in Resources */ = {isa = PBXBuildFile; fileRef = 16D254A818203D21006079CD /* star_highlighted-darker.png */; };
		16D254B318203D21006079CD /* star_highlighted-darker@2x.png in Resources */ = {isa = PBXBuildFile; fileRef = 16D254A918203D21006079CD /* star_highlighted-darker@2x.png */; };
		16D254B418203D21006079CD /* star_highlighted.png in Resources */ = {isa = PBXBuildFile; fileRef = 16D254AA18203D21006079CD /* star_highlighted.png */; };
		16D254B518203D21006079CD /* star_highlighted@2x.png in Resources */ = {isa = PBXBuildFile; fileRef = 16D254AB18203D21006079CD /* star_highlighted@2x.png */; };
		16D254B618203D21006079CD /* UIView+Subviews.m in Sources */ = {isa = PBXBuildFile; fileRef = 16D254AD18203D21006079CD /* UIView+Subviews.m */; };
		16E0A5FD1846ED6C00275E49 /* ThankYouViewController.m in Sources */ = {isa = PBXBuildFile; fileRef = 16E0A5FB18453CB300275E49 /* ThankYouViewController.m */; };
		16E0A600184ED1D000275E49 /* AppIcon.png in Resources */ = {isa = PBXBuildFile; fileRef = 16E0A5FE184ED1D000275E49 /* AppIcon.png */; };
		16E0A601184ED1D000275E49 /* Launchimage.png in Resources */ = {isa = PBXBuildFile; fileRef = 16E0A5FF184ED1D000275E49 /* Launchimage.png */; };
/* End PBXBuildFile section */

/* Begin PBXContainerItemProxy section */
		16D25461181B0E70006079CD /* PBXContainerItemProxy */ = {
			isa = PBXContainerItemProxy;
			containerPortal = 16D25433181B0E6F006079CD /* Project object */;
			proxyType = 1;
			remoteGlobalIDString = 16D2543A181B0E6F006079CD;
			remoteInfo = CampusCritic;
		};
/* End PBXContainerItemProxy section */

/* Begin PBXFileReference section */
		040EDC431828336F0041D17C /* NutritionFacts.png */ = {isa = PBXFileReference; lastKnownFileType = image.png; path = NutritionFacts.png; sourceTree = "<group>"; };
		04187DA8183C6EF8009E448A /* MBProgressHUD.h */ = {isa = PBXFileReference; fileEncoding = 4; lastKnownFileType = sourcecode.c.h; path = MBProgressHUD.h; sourceTree = "<group>"; };
		04187DA9183C6EF8009E448A /* MBProgressHUD.m */ = {isa = PBXFileReference; fileEncoding = 4; lastKnownFileType = sourcecode.c.objc; path = MBProgressHUD.m; sourceTree = "<group>"; };
		042769DD18205CBE00452B79 /* ContributeViewController.h */ = {isa = PBXFileReference; fileEncoding = 4; lastKnownFileType = sourcecode.c.h; path = ContributeViewController.h; sourceTree = "<group>"; };
		042769DE18205CBE00452B79 /* ContributeViewController.m */ = {isa = PBXFileReference; fileEncoding = 4; lastKnownFileType = sourcecode.c.objc; path = ContributeViewController.m; sourceTree = "<group>"; };
		12742AE018454672006F09A1 /* Parse.framework */ = {isa = PBXFileReference; lastKnownFileType = wrapper.framework; name = Parse.framework; path = ../../Parse.framework/Parse.framework; sourceTree = "<group>"; };
		16229C30183DBF2800DEB144 /* Reachability.h */ = {isa = PBXFileReference; fileEncoding = 4; lastKnownFileType = sourcecode.c.h; path = Reachability.h; sourceTree = "<group>"; };
		16229C31183DBF2800DEB144 /* Reachability.m */ = {isa = PBXFileReference; fileEncoding = 4; lastKnownFileType = sourcecode.c.objc; path = Reachability.m; sourceTree = "<group>"; };
		16229C39183E8F2300DEB144 /* iCarousel.h */ = {isa = PBXFileReference; fileEncoding = 4; lastKnownFileType = sourcecode.c.h; path = iCarousel.h; sourceTree = "<group>"; };
		16229C3A183E8F2300DEB144 /* iCarousel.m */ = {isa = PBXFileReference; fileEncoding = 4; lastKnownFileType = sourcecode.c.objc; path = iCarousel.m; sourceTree = "<group>"; };
		1692151F18355D4300936D24 /* ReviewPagesViewController.h */ = {isa = PBXFileReference; fileEncoding = 4; lastKnownFileType = sourcecode.c.h; path = ReviewPagesViewController.h; sourceTree = "<group>"; };
		1692152018355D4300936D24 /* ReviewPagesViewController.m */ = {isa = PBXFileReference; fileEncoding = 4; lastKnownFileType = sourcecode.c.objc; path = ReviewPagesViewController.m; sourceTree = "<group>"; };
		1692152118355D4300936D24 /* ReviewPagesViewController.xib */ = {isa = PBXFileReference; fileEncoding = 4; lastKnownFileType = file.xib; path = ReviewPagesViewController.xib; sourceTree = "<group>"; };
		1692152418355D5800936D24 /* ContentViewController.h */ = {isa = PBXFileReference; fileEncoding = 4; lastKnownFileType = sourcecode.c.h; path = ContentViewController.h; sourceTree = "<group>"; };
		1692152518355D5800936D24 /* ContentViewController.m */ = {isa = PBXFileReference; fileEncoding = 4; lastKnownFileType = sourcecode.c.objc; path = ContentViewController.m; sourceTree = "<group>"; };
		1692152618355D5800936D24 /* ContentViewController.xib */ = {isa = PBXFileReference; fileEncoding = 4; lastKnownFileType = file.xib; path = ContentViewController.xib; sourceTree = "<group>"; };
		16A1936318446A6C00A1CF50 /* ImageViewController.h */ = {isa = PBXFileReference; fileEncoding = 4; lastKnownFileType = sourcecode.c.h; path = ImageViewController.h; sourceTree = "<group>"; };
		16A1936418446A6C00A1CF50 /* ImageViewController.m */ = {isa = PBXFileReference; fileEncoding = 4; lastKnownFileType = sourcecode.c.objc; path = ImageViewController.m; sourceTree = "<group>"; };
		16AD6B6E1828C781006926B7 /* OrganizeViewController.h */ = {isa = PBXFileReference; fileEncoding = 4; lastKnownFileType = sourcecode.c.h; path = OrganizeViewController.h; sourceTree = "<group>"; };
		16AD6B6F1828C781006926B7 /* OrganizeViewController.m */ = {isa = PBXFileReference; fileEncoding = 4; lastKnownFileType = sourcecode.c.objc; path = OrganizeViewController.m; sourceTree = "<group>"; };
		16D2543B181B0E6F006079CD /* CampusCritic.app */ = {isa = PBXFileReference; explicitFileType = wrapper.application; includeInIndex = 0; path = CampusCritic.app; sourceTree = BUILT_PRODUCTS_DIR; };
		16D2543E181B0E6F006079CD /* Foundation.framework */ = {isa = PBXFileReference; lastKnownFileType = wrapper.framework; name = Foundation.framework; path = System/Library/Frameworks/Foundation.framework; sourceTree = SDKROOT; };
		16D25440181B0E6F006079CD /* CoreGraphics.framework */ = {isa = PBXFileReference; lastKnownFileType = wrapper.framework; name = CoreGraphics.framework; path = System/Library/Frameworks/CoreGraphics.framework; sourceTree = SDKROOT; };
		16D25442181B0E6F006079CD /* UIKit.framework */ = {isa = PBXFileReference; lastKnownFileType = wrapper.framework; name = UIKit.framework; path = System/Library/Frameworks/UIKit.framework; sourceTree = SDKROOT; };
		16D25446181B0E6F006079CD /* CampusCritic-Info.plist */ = {isa = PBXFileReference; lastKnownFileType = text.plist.xml; path = "CampusCritic-Info.plist"; sourceTree = "<group>"; };
		16D25448181B0E6F006079CD /* en */ = {isa = PBXFileReference; lastKnownFileType = text.plist.strings; name = en; path = en.lproj/InfoPlist.strings; sourceTree = "<group>"; };
		16D2544A181B0E6F006079CD /* main.m */ = {isa = PBXFileReference; lastKnownFileType = sourcecode.c.objc; path = main.m; sourceTree = "<group>"; };
		16D2544C181B0E6F006079CD /* CampusCritic-Prefix.pch */ = {isa = PBXFileReference; lastKnownFileType = sourcecode.c.h; path = "CampusCritic-Prefix.pch"; sourceTree = "<group>"; };
		16D2544D181B0E6F006079CD /* AppDelegate.h */ = {isa = PBXFileReference; lastKnownFileType = sourcecode.c.h; path = AppDelegate.h; sourceTree = "<group>"; };
		16D2544E181B0E6F006079CD /* AppDelegate.m */ = {isa = PBXFileReference; lastKnownFileType = sourcecode.c.objc; path = AppDelegate.m; sourceTree = "<group>"; };
		16D25451181B0E6F006079CD /* Base */ = {isa = PBXFileReference; lastKnownFileType = file.storyboard; name = Base; path = Base.lproj/Main.storyboard; sourceTree = "<group>"; };
		16D25456181B0E6F006079CD /* Images.xcassets */ = {isa = PBXFileReference; lastKnownFileType = folder.assetcatalog; path = Images.xcassets; sourceTree = "<group>"; };
		16D2545C181B0E70006079CD /* CampusCriticTests.xctest */ = {isa = PBXFileReference; explicitFileType = wrapper.cfbundle; includeInIndex = 0; path = CampusCriticTests.xctest; sourceTree = BUILT_PRODUCTS_DIR; };
		16D2545D181B0E70006079CD /* XCTest.framework */ = {isa = PBXFileReference; lastKnownFileType = wrapper.framework; name = XCTest.framework; path = Library/Frameworks/XCTest.framework; sourceTree = DEVELOPER_DIR; };
		16D25465181B0E70006079CD /* CampusCriticTests-Info.plist */ = {isa = PBXFileReference; lastKnownFileType = text.plist.xml; path = "CampusCriticTests-Info.plist"; sourceTree = "<group>"; };
		16D25467181B0E70006079CD /* en */ = {isa = PBXFileReference; lastKnownFileType = text.plist.strings; name = en; path = en.lproj/InfoPlist.strings; sourceTree = "<group>"; };
		16D25469181B0E70006079CD /* CampusCriticTests.m */ = {isa = PBXFileReference; lastKnownFileType = sourcecode.c.objc; path = CampusCriticTests.m; sourceTree = "<group>"; };
		16D25473181B0EFC006079CD /* FoodItemsTableViewController.h */ = {isa = PBXFileReference; fileEncoding = 4; lastKnownFileType = sourcecode.c.h; path = FoodItemsTableViewController.h; sourceTree = "<group>"; };
		16D25474181B0EFC006079CD /* FoodItemsTableViewController.m */ = {isa = PBXFileReference; fileEncoding = 4; lastKnownFileType = sourcecode.c.objc; path = FoodItemsTableViewController.m; sourceTree = "<group>"; };
		16D25478181B1208006079CD /* AudioToolbox.framework */ = {isa = PBXFileReference; lastKnownFileType = wrapper.framework; name = AudioToolbox.framework; path = System/Library/Frameworks/AudioToolbox.framework; sourceTree = SDKROOT; };
		16D2547A181B1210006079CD /* CFNetwork.framework */ = {isa = PBXFileReference; lastKnownFileType = wrapper.framework; name = CFNetwork.framework; path = System/Library/Frameworks/CFNetwork.framework; sourceTree = SDKROOT; };
		16D2547C181B121A006079CD /* CoreLocation.framework */ = {isa = PBXFileReference; lastKnownFileType = wrapper.framework; name = CoreLocation.framework; path = System/Library/Frameworks/CoreLocation.framework; sourceTree = SDKROOT; };
		16D2547E181B1221006079CD /* libz.1.1.3.dylib */ = {isa = PBXFileReference; lastKnownFileType = "compiled.mach-o.dylib"; name = libz.1.1.3.dylib; path = usr/lib/libz.1.1.3.dylib; sourceTree = SDKROOT; };
		16D25480181B1227006079CD /* MobileCoreServices.framework */ = {isa = PBXFileReference; lastKnownFileType = wrapper.framework; name = MobileCoreServices.framework; path = System/Library/Frameworks/MobileCoreServices.framework; sourceTree = SDKROOT; };
		16D25482181B122E006079CD /* QuartzCore.framework */ = {isa = PBXFileReference; lastKnownFileType = wrapper.framework; name = QuartzCore.framework; path = System/Library/Frameworks/QuartzCore.framework; sourceTree = SDKROOT; };
		16D25484181B1236006079CD /* Security.framework */ = {isa = PBXFileReference; lastKnownFileType = wrapper.framework; name = Security.framework; path = System/Library/Frameworks/Security.framework; sourceTree = SDKROOT; };
		16D25486181B123D006079CD /* StoreKit.framework */ = {isa = PBXFileReference; lastKnownFileType = wrapper.framework; name = StoreKit.framework; path = System/Library/Frameworks/StoreKit.framework; sourceTree = SDKROOT; };
		16D25488181B1245006079CD /* SystemConfiguration.framework */ = {isa = PBXFileReference; lastKnownFileType = wrapper.framework; name = SystemConfiguration.framework; path = System/Library/Frameworks/SystemConfiguration.framework; sourceTree = SDKROOT; };
		16D2548A181E1585006079CD /* FoodItemsTableCell.h */ = {isa = PBXFileReference; fileEncoding = 4; lastKnownFileType = sourcecode.c.h; path = FoodItemsTableCell.h; sourceTree = "<group>"; };
		16D2548B181E1585006079CD /* FoodItemsTableCell.m */ = {isa = PBXFileReference; fileEncoding = 4; lastKnownFileType = sourcecode.c.objc; path = FoodItemsTableCell.m; sourceTree = "<group>"; };
		16D2548D181E19CD006079CD /* CCLogo.png */ = {isa = PBXFileReference; lastKnownFileType = image.png; path = CCLogo.png; sourceTree = "<group>"; };
		16D25496181F0F35006079CD /* NutritionFactsViewController.h */ = {isa = PBXFileReference; fileEncoding = 4; lastKnownFileType = sourcecode.c.h; path = NutritionFactsViewController.h; sourceTree = "<group>"; };
		16D25497181F0F35006079CD /* NutritionFactsViewController.m */ = {isa = PBXFileReference; fileEncoding = 4; lastKnownFileType = sourcecode.c.objc; path = NutritionFactsViewController.m; sourceTree = "<group>"; };
		16D25499181F62F9006079CD /* SingleItemsViewController.h */ = {isa = PBXFileReference; fileEncoding = 4; lastKnownFileType = sourcecode.c.h; path = SingleItemsViewController.h; sourceTree = "<group>"; };
		16D2549A181F62F9006079CD /* SingleItemsViewController.m */ = {isa = PBXFileReference; fileEncoding = 4; lastKnownFileType = sourcecode.c.objc; path = SingleItemsViewController.m; sourceTree = "<group>"; };
		16D254A118203D21006079CD /* DLStarRatingControl.h */ = {isa = PBXFileReference; fileEncoding = 4; lastKnownFileType = sourcecode.c.h; path = DLStarRatingControl.h; sourceTree = "<group>"; };
		16D254A218203D21006079CD /* DLStarRatingControl.m */ = {isa = PBXFileReference; fileEncoding = 4; lastKnownFileType = sourcecode.c.objc; path = DLStarRatingControl.m; sourceTree = "<group>"; };
		16D254A318203D21006079CD /* DLStarView.h */ = {isa = PBXFileReference; fileEncoding = 4; lastKnownFileType = sourcecode.c.h; path = DLStarView.h; sourceTree = "<group>"; };
		16D254A418203D21006079CD /* DLStarView.m */ = {isa = PBXFileReference; fileEncoding = 4; lastKnownFileType = sourcecode.c.objc; path = DLStarView.m; sourceTree = "<group>"; };
		16D254A618203D21006079CD /* star.png */ = {isa = PBXFileReference; lastKnownFileType = image.png; path = star.png; sourceTree = "<group>"; };
		16D254A718203D21006079CD /* star@2x.png */ = {isa = PBXFileReference; lastKnownFileType = image.png; path = "star@2x.png"; sourceTree = "<group>"; };
		16D254A818203D21006079CD /* star_highlighted-darker.png */ = {isa = PBXFileReference; lastKnownFileType = image.png; path = "star_highlighted-darker.png"; sourceTree = "<group>"; };
		16D254A918203D21006079CD /* star_highlighted-darker@2x.png */ = {isa = PBXFileReference; lastKnownFileType = image.png; path = "star_highlighted-darker@2x.png"; sourceTree = "<group>"; };
		16D254AA18203D21006079CD /* star_highlighted.png */ = {isa = PBXFileReference; lastKnownFileType = image.png; path = star_highlighted.png; sourceTree = "<group>"; };
		16D254AB18203D21006079CD /* star_highlighted@2x.png */ = {isa = PBXFileReference; lastKnownFileType = image.png; path = "star_highlighted@2x.png"; sourceTree = "<group>"; };
		16D254AC18203D21006079CD /* UIView+Subviews.h */ = {isa = PBXFileReference; fileEncoding = 4; lastKnownFileType = sourcecode.c.h; path = "UIView+Subviews.h"; sourceTree = "<group>"; };
		16D254AD18203D21006079CD /* UIView+Subviews.m */ = {isa = PBXFileReference; fileEncoding = 4; lastKnownFileType = sourcecode.c.objc; path = "UIView+Subviews.m"; sourceTree = "<group>"; };
		16E0A5FA18453CB300275E49 /* ThankYouViewController.h */ = {isa = PBXFileReference; fileEncoding = 4; lastKnownFileType = sourcecode.c.h; path = ThankYouViewController.h; sourceTree = "<group>"; };
		16E0A5FB18453CB300275E49 /* ThankYouViewController.m */ = {isa = PBXFileReference; fileEncoding = 4; lastKnownFileType = sourcecode.c.objc; path = ThankYouViewController.m; sourceTree = "<group>"; };
		16E0A5FE184ED1D000275E49 /* AppIcon.png */ = {isa = PBXFileReference; lastKnownFileType = image.png; path = AppIcon.png; sourceTree = "<group>"; };
		16E0A5FF184ED1D000275E49 /* Launchimage.png */ = {isa = PBXFileReference; lastKnownFileType = image.png; path = Launchimage.png; sourceTree = "<group>"; };
		3CAC2A31182C381C0097B739 /* Parse.framework */ = {isa = PBXFileReference; lastKnownFileType = wrapper.framework; name = Parse.framework; path = ../../Parse.framework; sourceTree = "<group>"; };
/* End PBXFileReference section */

/* Begin PBXFrameworksBuildPhase section */
		16D25438181B0E6F006079CD /* Frameworks */ = {
			isa = PBXFrameworksBuildPhase;
			buildActionMask = 2147483647;
			files = (
				12742AE118454672006F09A1 /* Parse.framework in Frameworks */,
				16D25489181B1245006079CD /* SystemConfiguration.framework in Frameworks */,
				16D25487181B123D006079CD /* StoreKit.framework in Frameworks */,
				16D25485181B1236006079CD /* Security.framework in Frameworks */,
				16D25483181B122E006079CD /* QuartzCore.framework in Frameworks */,
				16D25481181B1227006079CD /* MobileCoreServices.framework in Frameworks */,
				16D2547F181B1221006079CD /* libz.1.1.3.dylib in Frameworks */,
				16D2547D181B121A006079CD /* CoreLocation.framework in Frameworks */,
				16D25441181B0E6F006079CD /* CoreGraphics.framework in Frameworks */,
				16D2547B181B1210006079CD /* CFNetwork.framework in Frameworks */,
				16D25479181B1208006079CD /* AudioToolbox.framework in Frameworks */,
				16D25443181B0E6F006079CD /* UIKit.framework in Frameworks */,
				16D2543F181B0E6F006079CD /* Foundation.framework in Frameworks */,
			);
			runOnlyForDeploymentPostprocessing = 0;
		};
		16D25459181B0E70006079CD /* Frameworks */ = {
			isa = PBXFrameworksBuildPhase;
			buildActionMask = 2147483647;
			files = (
				16D2545E181B0E70006079CD /* XCTest.framework in Frameworks */,
				16D25460181B0E70006079CD /* UIKit.framework in Frameworks */,
				16D2545F181B0E70006079CD /* Foundation.framework in Frameworks */,
			);
			runOnlyForDeploymentPostprocessing = 0;
		};
/* End PBXFrameworksBuildPhase section */

/* Begin PBXGroup section */
		04187DAB183C6EFE009E448A /* MBProgressHUD */ = {
			isa = PBXGroup;
			children = (
				04187DA8183C6EF8009E448A /* MBProgressHUD.h */,
				04187DA9183C6EF8009E448A /* MBProgressHUD.m */,
			);
			name = MBProgressHUD;
			sourceTree = "<group>";
		};
		16229C33183DBF2E00DEB144 /* Reachability */ = {
			isa = PBXGroup;
			children = (
				16229C30183DBF2800DEB144 /* Reachability.h */,
				16229C31183DBF2800DEB144 /* Reachability.m */,
			);
			name = Reachability;
			sourceTree = "<group>";
		};
		16229C3C183E8F2B00DEB144 /* iCarousel */ = {
			isa = PBXGroup;
			children = (
				16229C39183E8F2300DEB144 /* iCarousel.h */,
				16229C3A183E8F2300DEB144 /* iCarousel.m */,
			);
			name = iCarousel;
			sourceTree = "<group>";
		};
		16D25432181B0E6F006079CD = {
			isa = PBXGroup;
			children = (
				16D25444181B0E6F006079CD /* CampusCritic */,
				16D25463181B0E70006079CD /* CampusCriticTests */,
				16D2543D181B0E6F006079CD /* Frameworks */,
				16D2543C181B0E6F006079CD /* Products */,
			);
			sourceTree = "<group>";
		};
		16D2543C181B0E6F006079CD /* Products */ = {
			isa = PBXGroup;
			children = (
				16D2543B181B0E6F006079CD /* CampusCritic.app */,
				16D2545C181B0E70006079CD /* CampusCriticTests.xctest */,
			);
			name = Products;
			sourceTree = "<group>";
		};
		16D2543D181B0E6F006079CD /* Frameworks */ = {
			isa = PBXGroup;
			children = (
				12742AE018454672006F09A1 /* Parse.framework */,
				3CAC2A31182C381C0097B739 /* Parse.framework */,
				16D25488181B1245006079CD /* SystemConfiguration.framework */,
				16D25486181B123D006079CD /* StoreKit.framework */,
				16D25484181B1236006079CD /* Security.framework */,
				16D25482181B122E006079CD /* QuartzCore.framework */,
				16D25480181B1227006079CD /* MobileCoreServices.framework */,
				16D2547E181B1221006079CD /* libz.1.1.3.dylib */,
				16D2547C181B121A006079CD /* CoreLocation.framework */,
				16D2547A181B1210006079CD /* CFNetwork.framework */,
				16D25478181B1208006079CD /* AudioToolbox.framework */,
				16D2543E181B0E6F006079CD /* Foundation.framework */,
				16D25440181B0E6F006079CD /* CoreGraphics.framework */,
				16D25442181B0E6F006079CD /* UIKit.framework */,
				16D2545D181B0E70006079CD /* XCTest.framework */,
			);
			name = Frameworks;
			sourceTree = "<group>";
		};
		16D25444181B0E6F006079CD /* CampusCritic */ = {
			isa = PBXGroup;
			children = (
				16D2544D181B0E6F006079CD /* AppDelegate.h */,
				16D2544E181B0E6F006079CD /* AppDelegate.m */,
				16D25450181B0E6F006079CD /* Main.storyboard */,
				16AD6B6E1828C781006926B7 /* OrganizeViewController.h */,
				16AD6B6F1828C781006926B7 /* OrganizeViewController.m */,
				16D25499181F62F9006079CD /* SingleItemsViewController.h */,
				16D2549A181F62F9006079CD /* SingleItemsViewController.m */,
				042769DD18205CBE00452B79 /* ContributeViewController.h */,
				042769DE18205CBE00452B79 /* ContributeViewController.m */,
				16A1936318446A6C00A1CF50 /* ImageViewController.h */,
				16A1936418446A6C00A1CF50 /* ImageViewController.m */,
				16E0A5FA18453CB300275E49 /* ThankYouViewController.h */,
				16E0A5FB18453CB300275E49 /* ThankYouViewController.m */,
				16D25496181F0F35006079CD /* NutritionFactsViewController.h */,
				16D25497181F0F35006079CD /* NutritionFactsViewController.m */,
				16D2548A181E1585006079CD /* FoodItemsTableCell.h */,
				16D2548B181E1585006079CD /* FoodItemsTableCell.m */,
				16D25473181B0EFC006079CD /* FoodItemsTableViewController.h */,
				16D25474181B0EFC006079CD /* FoodItemsTableViewController.m */,
				1692151F18355D4300936D24 /* ReviewPagesViewController.h */,
				1692152018355D4300936D24 /* ReviewPagesViewController.m */,
				1692152118355D4300936D24 /* ReviewPagesViewController.xib */,
				1692152418355D5800936D24 /* ContentViewController.h */,
				1692152518355D5800936D24 /* ContentViewController.m */,
				1692152618355D5800936D24 /* ContentViewController.xib */,
				16D2548D181E19CD006079CD /* CCLogo.png */,
				040EDC431828336F0041D17C /* NutritionFacts.png */,
				16E0A5FE184ED1D000275E49 /* AppIcon.png */,
				16E0A5FF184ED1D000275E49 /* Launchimage.png */,
				16229C3C183E8F2B00DEB144 /* iCarousel */,
				16229C33183DBF2E00DEB144 /* Reachability */,
				04187DAB183C6EFE009E448A /* MBProgressHUD */,
				16D254A018203D21006079CD /* DLStarRating */,
				16D25456181B0E6F006079CD /* Images.xcassets */,
				16D25445181B0E6F006079CD /* Supporting Files */,
			);
			path = CampusCritic;
			sourceTree = "<group>";
		};
		16D25445181B0E6F006079CD /* Supporting Files */ = {
			isa = PBXGroup;
			children = (
				16D25446181B0E6F006079CD /* CampusCritic-Info.plist */,
				16D25447181B0E6F006079CD /* InfoPlist.strings */,
				16D2544A181B0E6F006079CD /* main.m */,
				16D2544C181B0E6F006079CD /* CampusCritic-Prefix.pch */,
			);
			name = "Supporting Files";
			sourceTree = "<group>";
		};
		16D25463181B0E70006079CD /* CampusCriticTests */ = {
			isa = PBXGroup;
			children = (
				16D25469181B0E70006079CD /* CampusCriticTests.m */,
				16D25464181B0E70006079CD /* Supporting Files */,
			);
			path = CampusCriticTests;
			sourceTree = "<group>";
		};
		16D25464181B0E70006079CD /* Supporting Files */ = {
			isa = PBXGroup;
			children = (
				16D25465181B0E70006079CD /* CampusCriticTests-Info.plist */,
				16D25466181B0E70006079CD /* InfoPlist.strings */,
			);
			name = "Supporting Files";
			sourceTree = "<group>";
		};
		16D254A018203D21006079CD /* DLStarRating */ = {
			isa = PBXGroup;
			children = (
				16D254A118203D21006079CD /* DLStarRatingControl.h */,
				16D254A218203D21006079CD /* DLStarRatingControl.m */,
				16D254A318203D21006079CD /* DLStarView.h */,
				16D254A418203D21006079CD /* DLStarView.m */,
				16D254A518203D21006079CD /* images */,
				16D254AC18203D21006079CD /* UIView+Subviews.h */,
				16D254AD18203D21006079CD /* UIView+Subviews.m */,
			);
			path = DLStarRating;
			sourceTree = "<group>";
		};
		16D254A518203D21006079CD /* images */ = {
			isa = PBXGroup;
			children = (
				16D254A618203D21006079CD /* star.png */,
				16D254A718203D21006079CD /* star@2x.png */,
				16D254A818203D21006079CD /* star_highlighted-darker.png */,
				16D254A918203D21006079CD /* star_highlighted-darker@2x.png */,
				16D254AA18203D21006079CD /* star_highlighted.png */,
				16D254AB18203D21006079CD /* star_highlighted@2x.png */,
			);
			path = images;
			sourceTree = "<group>";
		};
/* End PBXGroup section */

/* Begin PBXNativeTarget section */
		16D2543A181B0E6F006079CD /* CampusCritic */ = {
			isa = PBXNativeTarget;
			buildConfigurationList = 16D2546D181B0E70006079CD /* Build configuration list for PBXNativeTarget "CampusCritic" */;
			buildPhases = (
				16D25437181B0E6F006079CD /* Sources */,
				16D25438181B0E6F006079CD /* Frameworks */,
				16D25439181B0E6F006079CD /* Resources */,
			);
			buildRules = (
			);
			dependencies = (
			);
			name = CampusCritic;
			productName = CampusCritic;
			productReference = 16D2543B181B0E6F006079CD /* CampusCritic.app */;
			productType = "com.apple.product-type.application";
		};
		16D2545B181B0E70006079CD /* CampusCriticTests */ = {
			isa = PBXNativeTarget;
			buildConfigurationList = 16D25470181B0E70006079CD /* Build configuration list for PBXNativeTarget "CampusCriticTests" */;
			buildPhases = (
				16D25458181B0E70006079CD /* Sources */,
				16D25459181B0E70006079CD /* Frameworks */,
				16D2545A181B0E70006079CD /* Resources */,
			);
			buildRules = (
			);
			dependencies = (
				16D25462181B0E70006079CD /* PBXTargetDependency */,
			);
			name = CampusCriticTests;
			productName = CampusCriticTests;
			productReference = 16D2545C181B0E70006079CD /* CampusCriticTests.xctest */;
			productType = "com.apple.product-type.bundle.unit-test";
		};
/* End PBXNativeTarget section */

/* Begin PBXProject section */
		16D25433181B0E6F006079CD /* Project object */ = {
			isa = PBXProject;
			attributes = {
				LastUpgradeCheck = 0500;
				ORGANIZATIONNAME = CCDevelopment;
				TargetAttributes = {
					16D2545B181B0E70006079CD = {
						TestTargetID = 16D2543A181B0E6F006079CD;
					};
				};
			};
			buildConfigurationList = 16D25436181B0E6F006079CD /* Build configuration list for PBXProject "CampusCritic" */;
			compatibilityVersion = "Xcode 3.2";
			developmentRegion = English;
			hasScannedForEncodings = 0;
			knownRegions = (
				en,
				Base,
			);
			mainGroup = 16D25432181B0E6F006079CD;
			productRefGroup = 16D2543C181B0E6F006079CD /* Products */;
			projectDirPath = "";
			projectRoot = "";
			targets = (
				16D2543A181B0E6F006079CD /* CampusCritic */,
				16D2545B181B0E70006079CD /* CampusCriticTests */,
			);
		};
/* End PBXProject section */

/* Begin PBXResourcesBuildPhase section */
		16D25439181B0E6F006079CD /* Resources */ = {
			isa = PBXResourcesBuildPhase;
			buildActionMask = 2147483647;
			files = (
				16D2548E181E19CD006079CD /* CCLogo.png in Resources */,
				16D254B118203D21006079CD /* star@2x.png in Resources */,
				1692152818355D5800936D24 /* ContentViewController.xib in Resources */,
				16D25457181B0E6F006079CD /* Images.xcassets in Resources */,
				16E0A600184ED1D000275E49 /* AppIcon.png in Resources */,
				1692152318355D4300936D24 /* ReviewPagesViewController.xib in Resources */,
				16D25449181B0E6F006079CD /* InfoPlist.strings in Resources */,
				16D254B018203D21006079CD /* star.png in Resources */,
				040EDC441828336F0041D17C /* NutritionFacts.png in Resources */,
				16D254B218203D21006079CD /* star_highlighted-darker.png in Resources */,
				16D254B418203D21006079CD /* star_highlighted.png in Resources */,
				16D254B318203D21006079CD /* star_highlighted-darker@2x.png in Resources */,
				16E0A601184ED1D000275E49 /* Launchimage.png in Resources */,
				16D254B518203D21006079CD /* star_highlighted@2x.png in Resources */,
				16D25452181B0E6F006079CD /* Main.storyboard in Resources */,
			);
			runOnlyForDeploymentPostprocessing = 0;
		};
		16D2545A181B0E70006079CD /* Resources */ = {
			isa = PBXResourcesBuildPhase;
			buildActionMask = 2147483647;
			files = (
				16D25468181B0E70006079CD /* InfoPlist.strings in Resources */,
			);
			runOnlyForDeploymentPostprocessing = 0;
		};
/* End PBXResourcesBuildPhase section */

/* Begin PBXSourcesBuildPhase section */
		16D25437181B0E6F006079CD /* Sources */ = {
			isa = PBXSourcesBuildPhase;
			buildActionMask = 2147483647;
			files = (
				16E0A5FD1846ED6C00275E49 /* ThankYouViewController.m in Sources */,
				16D254AE18203D21006079CD /* DLStarRatingControl.m in Sources */,
				042769DF18205CBE00452B79 /* ContributeViewController.m in Sources */,
				16D254AF18203D21006079CD /* DLStarView.m in Sources */,
				16229C32183DBF2800DEB144 /* Reachability.m in Sources */,
				16D2549B181F62F9006079CD /* SingleItemsViewController.m in Sources */,
				16A1936518446A6C00A1CF50 /* ImageViewController.m in Sources */,
				16D2544F181B0E6F006079CD /* AppDelegate.m in Sources */,
				16229C3B183E8F2300DEB144 /* iCarousel.m in Sources */,
				16D25475181B0EFC006079CD /* FoodItemsTableViewController.m in Sources */,
				04187DAA183C6EF8009E448A /* MBProgressHUD.m in Sources */,
				16D2548C181E1585006079CD /* FoodItemsTableCell.m in Sources */,
				1692152718355D5800936D24 /* ContentViewController.m in Sources */,
				16D2544B181B0E6F006079CD /* main.m in Sources */,
				1692152218355D4300936D24 /* ReviewPagesViewController.m in Sources */,
				16AD6B711828C781006926B7 /* OrganizeViewController.m in Sources */,
				16D254B618203D21006079CD /* UIView+Subviews.m in Sources */,
				16D25498181F0F35006079CD /* NutritionFactsViewController.m in Sources */,
			);
			runOnlyForDeploymentPostprocessing = 0;
		};
		16D25458181B0E70006079CD /* Sources */ = {
			isa = PBXSourcesBuildPhase;
			buildActionMask = 2147483647;
			files = (
				16D2546A181B0E70006079CD /* CampusCriticTests.m in Sources */,
			);
			runOnlyForDeploymentPostprocessing = 0;
		};
/* End PBXSourcesBuildPhase section */

/* Begin PBXTargetDependency section */
		16D25462181B0E70006079CD /* PBXTargetDependency */ = {
			isa = PBXTargetDependency;
			target = 16D2543A181B0E6F006079CD /* CampusCritic */;
			targetProxy = 16D25461181B0E70006079CD /* PBXContainerItemProxy */;
		};
/* End PBXTargetDependency section */

/* Begin PBXVariantGroup section */
		16D25447181B0E6F006079CD /* InfoPlist.strings */ = {
			isa = PBXVariantGroup;
			children = (
				16D25448181B0E6F006079CD /* en */,
			);
			name = InfoPlist.strings;
			sourceTree = "<group>";
		};
		16D25450181B0E6F006079CD /* Main.storyboard */ = {
			isa = PBXVariantGroup;
			children = (
				16D25451181B0E6F006079CD /* Base */,
			);
			name = Main.storyboard;
			sourceTree = "<group>";
		};
		16D25466181B0E70006079CD /* InfoPlist.strings */ = {
			isa = PBXVariantGroup;
			children = (
				16D25467181B0E70006079CD /* en */,
			);
			name = InfoPlist.strings;
			sourceTree = "<group>";
		};
/* End PBXVariantGroup section */

/* Begin XCBuildConfiguration section */
		16D2546B181B0E70006079CD /* Debug */ = {
			isa = XCBuildConfiguration;
			buildSettings = {
				ALWAYS_SEARCH_USER_PATHS = NO;
				ARCHS = "$(ARCHS_STANDARD_INCLUDING_64_BIT)";
				CLANG_CXX_LANGUAGE_STANDARD = "gnu++0x";
				CLANG_CXX_LIBRARY = "libc++";
				CLANG_ENABLE_MODULES = YES;
				CLANG_ENABLE_OBJC_ARC = YES;
				CLANG_WARN_BOOL_CONVERSION = YES;
				CLANG_WARN_CONSTANT_CONVERSION = YES;
				CLANG_WARN_DIRECT_OBJC_ISA_USAGE = YES_ERROR;
				CLANG_WARN_EMPTY_BODY = YES;
				CLANG_WARN_ENUM_CONVERSION = YES;
				CLANG_WARN_INT_CONVERSION = YES;
				CLANG_WARN_OBJC_ROOT_CLASS = YES_ERROR;
				CLANG_WARN__DUPLICATE_METHOD_MATCH = YES;
				"CODE_SIGN_IDENTITY[sdk=iphoneos*]" = "iPhone Developer";
				COPY_PHASE_STRIP = NO;
				GCC_C_LANGUAGE_STANDARD = gnu99;
				GCC_DYNAMIC_NO_PIC = NO;
				GCC_OPTIMIZATION_LEVEL = 0;
				GCC_PREPROCESSOR_DEFINITIONS = (
					"DEBUG=1",
					"$(inherited)",
				);
				GCC_SYMBOLS_PRIVATE_EXTERN = NO;
				GCC_WARN_64_TO_32_BIT_CONVERSION = YES;
				GCC_WARN_ABOUT_RETURN_TYPE = YES_ERROR;
				GCC_WARN_UNDECLARED_SELECTOR = YES;
				GCC_WARN_UNINITIALIZED_AUTOS = YES;
				GCC_WARN_UNUSED_FUNCTION = YES;
				GCC_WARN_UNUSED_VARIABLE = YES;
				IPHONEOS_DEPLOYMENT_TARGET = 7.0;
				ONLY_ACTIVE_ARCH = YES;
				SDKROOT = iphoneos;
			};
			name = Debug;
		};
		16D2546C181B0E70006079CD /* Release */ = {
			isa = XCBuildConfiguration;
			buildSettings = {
				ALWAYS_SEARCH_USER_PATHS = NO;
				ARCHS = "$(ARCHS_STANDARD_INCLUDING_64_BIT)";
				CLANG_CXX_LANGUAGE_STANDARD = "gnu++0x";
				CLANG_CXX_LIBRARY = "libc++";
				CLANG_ENABLE_MODULES = YES;
				CLANG_ENABLE_OBJC_ARC = YES;
				CLANG_WARN_BOOL_CONVERSION = YES;
				CLANG_WARN_CONSTANT_CONVERSION = YES;
				CLANG_WARN_DIRECT_OBJC_ISA_USAGE = YES_ERROR;
				CLANG_WARN_EMPTY_BODY = YES;
				CLANG_WARN_ENUM_CONVERSION = YES;
				CLANG_WARN_INT_CONVERSION = YES;
				CLANG_WARN_OBJC_ROOT_CLASS = YES_ERROR;
				CLANG_WARN__DUPLICATE_METHOD_MATCH = YES;
				"CODE_SIGN_IDENTITY[sdk=iphoneos*]" = "iPhone Developer";
				COPY_PHASE_STRIP = YES;
				ENABLE_NS_ASSERTIONS = NO;
				GCC_C_LANGUAGE_STANDARD = gnu99;
				GCC_WARN_64_TO_32_BIT_CONVERSION = YES;
				GCC_WARN_ABOUT_RETURN_TYPE = YES_ERROR;
				GCC_WARN_UNDECLARED_SELECTOR = YES;
				GCC_WARN_UNINITIALIZED_AUTOS = YES;
				GCC_WARN_UNUSED_FUNCTION = YES;
				GCC_WARN_UNUSED_VARIABLE = YES;
				IPHONEOS_DEPLOYMENT_TARGET = 7.0;
				SDKROOT = iphoneos;
				VALIDATE_PRODUCT = YES;
			};
			name = Release;
		};
		16D2546E181B0E70006079CD /* Debug */ = {
			isa = XCBuildConfiguration;
			buildSettings = {
				ASSETCATALOG_COMPILER_APPICON_NAME = AppIcon;
				ASSETCATALOG_COMPILER_LAUNCHIMAGE_NAME = LaunchImage;
				FRAMEWORK_SEARCH_PATHS = (
					"$(inherited)",
					/Users/andrewexton/Desktop/CampusCritic/CampusCritic,
					"/Users/Mac/Dropbox/School/Y1Q1/CPE\\ 123\\ LAB/CampusCritic/parsetest",
					/Users/andrewexton/CampusCritic/CampusCritic,
					/Users/cneyman/Desktop,
					/Users/slakes/Desktop/Parse.framework,
				);
				GCC_PRECOMPILE_PREFIX_HEADER = YES;
				GCC_PREFIX_HEADER = "CampusCritic/CampusCritic-Prefix.pch";
				INFOPLIST_FILE = "CampusCritic/CampusCritic-Info.plist";
				PRODUCT_NAME = "$(TARGET_NAME)";
				WRAPPER_EXTENSION = app;
			};
			name = Debug;
		};
		16D2546F181B0E70006079CD /* Release */ = {
			isa = XCBuildConfiguration;
			buildSettings = {
				ASSETCATALOG_COMPILER_APPICON_NAME = AppIcon;
				ASSETCATALOG_COMPILER_LAUNCHIMAGE_NAME = LaunchImage;
				FRAMEWORK_SEARCH_PATHS = (
					"$(inherited)",
					/Users/andrewexton/Desktop/CampusCritic/CampusCritic,
					"/Users/Mac/Dropbox/School/Y1Q1/CPE\\ 123\\ LAB/CampusCritic/parsetest",
					/Users/andrewexton/CampusCritic/CampusCritic,
					/Users/cneyman/Desktop,
					/Users/slakes/Desktop/Parse.framework,
				);
				GCC_PRECOMPILE_PREFIX_HEADER = YES;
				GCC_PREFIX_HEADER = "CampusCritic/CampusCritic-Prefix.pch";
				INFOPLIST_FILE = "CampusCritic/CampusCritic-Info.plist";
				PRODUCT_NAME = "$(TARGET_NAME)";
				WRAPPER_EXTENSION = app;
			};
			name = Release;
		};
		16D25471181B0E70006079CD /* Debug */ = {
			isa = XCBuildConfiguration;
			buildSettings = {
				ARCHS = "$(ARCHS_STANDARD_INCLUDING_64_BIT)";
				BUNDLE_LOADER = "$(BUILT_PRODUCTS_DIR)/CampusCritic.app/CampusCritic";
				FRAMEWORK_SEARCH_PATHS = (
					"$(SDKROOT)/Developer/Library/Frameworks",
					"$(inherited)",
					"$(DEVELOPER_FRAMEWORKS_DIR)",
				);
				GCC_PRECOMPILE_PREFIX_HEADER = YES;
				GCC_PREFIX_HEADER = "CampusCritic/CampusCritic-Prefix.pch";
				GCC_PREPROCESSOR_DEFINITIONS = (
					"DEBUG=1",
					"$(inherited)",
				);
				INFOPLIST_FILE = "CampusCriticTests/CampusCriticTests-Info.plist";
				PRODUCT_NAME = "$(TARGET_NAME)";
				TEST_HOST = "$(BUNDLE_LOADER)";
				WRAPPER_EXTENSION = xctest;
			};
			name = Debug;
		};
		16D25472181B0E70006079CD /* Release */ = {
			isa = XCBuildConfiguration;
			buildSettings = {
				ARCHS = "$(ARCHS_STANDARD_INCLUDING_64_BIT)";
				BUNDLE_LOADER = "$(BUILT_PRODUCTS_DIR)/CampusCritic.app/CampusCritic";
				FRAMEWORK_SEARCH_PATHS = (
					"$(SDKROOT)/Developer/Library/Frameworks",
					"$(inherited)",
					"$(DEVELOPER_FRAMEWORKS_DIR)",
				);
				GCC_PRECOMPILE_PREFIX_HEADER = YES;
				GCC_PREFIX_HEADER = "CampusCritic/CampusCritic-Prefix.pch";
				INFOPLIST_FILE = "CampusCriticTests/CampusCriticTests-Info.plist";
				PRODUCT_NAME = "$(TARGET_NAME)";
				TEST_HOST = "$(BUNDLE_LOADER)";
				WRAPPER_EXTENSION = xctest;
			};
			name = Release;
		};
/* End XCBuildConfiguration section */

/* Begin XCConfigurationList section */
		16D25436181B0E6F006079CD /* Build configuration list for PBXProject "CampusCritic" */ = {
			isa = XCConfigurationList;
			buildConfigurations = (
				16D2546B181B0E70006079CD /* Debug */,
				16D2546C181B0E70006079CD /* Release */,
			);
			defaultConfigurationIsVisible = 0;
			defaultConfigurationName = Release;
		};
		16D2546D181B0E70006079CD /* Build configuration list for PBXNativeTarget "CampusCritic" */ = {
			isa = XCConfigurationList;
			buildConfigurations = (
				16D2546E181B0E70006079CD /* Debug */,
				16D2546F181B0E70006079CD /* Release */,
			);
			defaultConfigurationIsVisible = 0;
			defaultConfigurationName = Release;
		};
		16D25470181B0E70006079CD /* Build configuration list for PBXNativeTarget "CampusCriticTests" */ = {
			isa = XCConfigurationList;
			buildConfigurations = (
				16D25471181B0E70006079CD /* Debug */,
				16D25472181B0E70006079CD /* Release */,
			);
			defaultConfigurationIsVisible = 0;
			defaultConfigurationName = Release;
		};
/* End XCConfigurationList section */
	};
	rootObject = 16D25433181B0E6F006079CD /* Project object */;
}
